
Microsoft Visual Studio Solution File, Format Version 12.00
# Visual Studio Version 17
Project("{2150E333-8FDC-42A3-9474-1A3956D46DE8}") = "CMakePredefinedTargets", "CMakePredefinedTargets", "{DC7CB576-EB13-3622-906B-3FDB398EF9E9}"
EndProject
Project("{2150E333-8FDC-42A3-9474-1A3956D46DE8}") = "GLFW3", "GLFW3", "{C6EB5845-E7FC-36A4-B49C-7974119BED20}"
EndProject
Project("{2150E333-8FDC-42A3-9474-1A3956D46DE8}") = "Examples", "GLFW3\Examples", "{574292AA-507A-3178-A5EC-355D911ADC5D}"
EndProject
Project("{2150E333-8FDC-42A3-9474-1A3956D46DE8}") = "Tests", "GLFW3\Tests", "{15871778-2763-370C-B878-DF0FCE07E2D6}"
EndProject
Project("{8BC9CEB8-8B4A-11D0-8D11-00A0C91BC942}") = "ALL_BUILD", "ALL_BUILD.vcxproj", "{FA61BBB1-895C-3EA3-8E46-C101F10A4318}"
	ProjectSection(ProjectDependencies) = postProject
		{418D9F7D-0C8E-3136-A9A6-410C06666AB4} = {418D9F7D-0C8E-3136-A9A6-410C06666AB4}
		{64EF5F96-73A3-3CA7-9D9E-BF8C763C375F} = {64EF5F96-73A3-3CA7-9D9E-BF8C763C375F}
		{A88C5D8B-CEA0-3EE0-8706-ECCB14EBAA28} = {A88C5D8B-CEA0-3EE0-8706-ECCB14EBAA28}
		{92921FC2-F105-3759-90E6-CAD8086484AA} = {92921FC2-F105-3759-90E6-CAD8086484AA}
		{DBB43736-49C1-30B3-BB88-4FAD7689378F} = {DBB43736-49C1-30B3-BB88-4FAD7689378F}
		{21943043-70DD-39C8-AB9E-F134F09224D9} = {21943043-70DD-39C8-AB9E-F134F09224D9}
		{F9351A0A-2DA1-3B6E-A189-EE936D66867D} = {F9351A0A-2DA1-3B6E-A189-EE936D66867D}
		{612DAF57-93FF-3CBE-A2A9-1013CCFEAD5D} = {612DAF57-93FF-3CBE-A2A9-1013CCFEAD5D}
		{521F5110-9DFA-35DB-976A-AD3864D99567} = {521F5110-9DFA-35DB-976A-AD3864D99567}
		{58709320-3919-36C2-B963-17902FAA174D} = {58709320-3919-36C2-B963-17902FAA174D}
		{92644AD3-8D37-3405-8E33-DBB44ED0CE4B} = {92644AD3-8D37-3405-8E33-DBB44ED0CE4B}
		{73C4166C-22F7-3832-BD79-DE7608642C31} = {73C4166C-22F7-3832-BD79-DE7608642C31}
		{D7AD6A8E-A494-35A3-9256-7CA659300A5A} = {D7AD6A8E-A494-35A3-9256-7CA659300A5A}
		{A5FDB36F-62C4-3A31-81B5-AFBC9607751C} = {A5FDB36F-62C4-3A31-81B5-AFBC9607751C}
		{4C3D2444-E2F9-3495-B6AE-2F8740B76810} = {4C3D2444-E2F9-3495-B6AE-2F8740B76810}
		{DDCAB1C3-53BC-3E1C-8FE1-FBAEF52C595F} = {DDCAB1C3-53BC-3E1C-8FE1-FBAEF52C595F}
		{3B394DAE-0E1E-3DC5-9200-1918050CCA15} = {3B394DAE-0E1E-3DC5-9200-1918050CCA15}
		{A9D554EF-081C-3B32-87E4-91DDE01458E7} = {A9D554EF-081C-3B32-87E4-91DDE01458E7}
		{0860F8D2-95B3-30D1-A687-96D613BA9A20} = {0860F8D2-95B3-30D1-A687-96D613BA9A20}
		{26BC176C-B9F5-3FF8-9632-0917E5E35695} = {26BC176C-B9F5-3FF8-9632-0917E5E35695}
		{2F46D1C3-5D83-3974-BC1B-81850B2EAD4D} = {2F46D1C3-5D83-3974-BC1B-81850B2EAD4D}
		{F7127460-C30E-3A28-86CC-A002F01B7B78} = {F7127460-C30E-3A28-86CC-A002F01B7B78}
		{724B20F6-4479-399A-971C-623467C510FB} = {724B20F6-4479-399A-971C-623467C510FB}
		{6FDD2AE8-F748-3E6D-9361-74DDB7E3F079} = {6FDD2AE8-F748-3E6D-9361-74DDB7E3F079}
		{8EA264DD-B814-30CF-92D2-385935AFA62A} = {8EA264DD-B814-30CF-92D2-385935AFA62A}
		{1975052D-9DCE-3CA0-BAEE-CE83E429F2FA} = {1975052D-9DCE-3CA0-BAEE-CE83E429F2FA}
		{818472FB-40FA-3066-9CC5-E157B3DD4DE6} = {818472FB-40FA-3066-9CC5-E157B3DD4DE6}
		{50AD251B-C103-3EB9-BF5F-E89150E9544D} = {50AD251B-C103-3EB9-BF5F-E89150E9544D}
		{D0D12C45-1E8E-3E69-A656-008B2F44DFEC} = {D0D12C45-1E8E-3E69-A656-008B2F44DFEC}
		{03DD9642-4F8F-3FCC-A85E-C55F589B2226} = {03DD9642-4F8F-3FCC-A85E-C55F589B2226}
		{938BD886-3BF1-3A0F-B966-AD2AD9A8C6EA} = {938BD886-3BF1-3A0F-B966-AD2AD9A8C6EA}
	EndProjectSection
EndProject
Project("{8BC9CEB8-8B4A-11D0-8D11-00A0C91BC942}") = "INSTALL", "INSTALL.vcxproj", "{81A43708-608F-316C-AFDA-E0E2FA37872C}"
	ProjectSection(ProjectDependencies) = postProject
		{FA61BBB1-895C-3EA3-8E46-C101F10A4318} = {FA61BBB1-895C-3EA3-8E46-C101F10A4318}
		{418D9F7D-0C8E-3136-A9A6-410C06666AB4} = {418D9F7D-0C8E-3136-A9A6-410C06666AB4}
	EndProjectSection
EndProject
Project("{8BC9CEB8-8B4A-11D0-8D11-00A0C91BC942}") = "ZERO_CHECK", "ZERO_CHECK.vcxproj", "{418D9F7D-0C8E-3136-A9A6-410C06666AB4}"
	ProjectSection(ProjectDependencies) = postProject
	EndProjectSection
EndProject
Project("{8BC9CEB8-8B4A-11D0-8D11-00A0C91BC942}") = "boing", "examples\boing.vcxproj", "{64EF5F96-73A3-3CA7-9D9E-BF8C763C375F}"
	ProjectSection(ProjectDependencies) = postProject
		{418D9F7D-0C8E-3136-A9A6-410C06666AB4} = {418D9F7D-0C8E-3136-A9A6-410C06666AB4}
		{521F5110-9DFA-35DB-976A-AD3864D99567} = {521F5110-9DFA-35DB-976A-AD3864D99567}
	EndProjectSection
EndProject
Project("{8BC9CEB8-8B4A-11D0-8D11-00A0C91BC942}") = "clipboard", "tests\clipboard.vcxproj", "{A88C5D8B-CEA0-3EE0-8706-ECCB14EBAA28}"
	ProjectSection(ProjectDependencies) = postProject
		{418D9F7D-0C8E-3136-A9A6-410C06666AB4} = {418D9F7D-0C8E-3136-A9A6-410C06666AB4}
		{521F5110-9DFA-35DB-976A-AD3864D99567} = {521F5110-9DFA-35DB-976A-AD3864D99567}
	EndProjectSection
EndProject
Project("{8BC9CEB8-8B4A-11D0-8D11-00A0C91BC942}") = "cursor", "tests\cursor.vcxproj", "{92921FC2-F105-3759-90E6-CAD8086484AA}"
	ProjectSection(ProjectDependencies) = postProject
		{418D9F7D-0C8E-3136-A9A6-410C06666AB4} = {418D9F7D-0C8E-3136-A9A6-410C06666AB4}
		{521F5110-9DFA-35DB-976A-AD3864D99567} = {521F5110-9DFA-35DB-976A-AD3864D99567}
	EndProjectSection
EndProject
Project("{8BC9CEB8-8B4A-11D0-8D11-00A0C91BC942}") = "empty", "tests\empty.vcxproj", "{DBB43736-49C1-30B3-BB88-4FAD7689378F}"
	ProjectSection(ProjectDependencies) = postProject
		{418D9F7D-0C8E-3136-A9A6-410C06666AB4} = {418D9F7D-0C8E-3136-A9A6-410C06666AB4}
		{521F5110-9DFA-35DB-976A-AD3864D99567} = {521F5110-9DFA-35DB-976A-AD3864D99567}
	EndProjectSection
EndProject
Project("{8BC9CEB8-8B4A-11D0-8D11-00A0C91BC942}") = "events", "tests\events.vcxproj", "{21943043-70DD-39C8-AB9E-F134F09224D9}"
	ProjectSection(ProjectDependencies) = postProject
		{418D9F7D-0C8E-3136-A9A6-410C06666AB4} = {418D9F7D-0C8E-3136-A9A6-410C06666AB4}
		{521F5110-9DFA-35DB-976A-AD3864D99567} = {521F5110-9DFA-35DB-976A-AD3864D99567}
	EndProjectSection
EndProject
Project("{8BC9CEB8-8B4A-11D0-8D11-00A0C91BC942}") = "gamma", "tests\gamma.vcxproj", "{F9351A0A-2DA1-3B6E-A189-EE936D66867D}"
	ProjectSection(ProjectDependencies) = postProject
		{418D9F7D-0C8E-3136-A9A6-410C06666AB4} = {418D9F7D-0C8E-3136-A9A6-410C06666AB4}
		{521F5110-9DFA-35DB-976A-AD3864D99567} = {521F5110-9DFA-35DB-976A-AD3864D99567}
	EndProjectSection
EndProject
Project("{8BC9CEB8-8B4A-11D0-8D11-00A0C91BC942}") = "gears", "examples\gears.vcxproj", "{612DAF57-93FF-3CBE-A2A9-1013CCFEAD5D}"
	ProjectSection(ProjectDependencies) = postProject
		{418D9F7D-0C8E-3136-A9A6-410C06666AB4} = {418D9F7D-0C8E-3136-A9A6-410C06666AB4}
		{521F5110-9DFA-35DB-976A-AD3864D99567} = {521F5110-9DFA-35DB-976A-AD3864D99567}
	EndProjectSection
EndProject
Project("{8BC9CEB8-8B4A-11D0-8D11-00A0C91BC942}") = "glfw", "src\glfw.vcxproj", "{521F5110-9DFA-35DB-976A-AD3864D99567}"
	ProjectSection(ProjectDependencies) = postProject
		{418D9F7D-0C8E-3136-A9A6-410C06666AB4} = {418D9F7D-0C8E-3136-A9A6-410C06666AB4}
	EndProjectSection
EndProject
Project("{8BC9CEB8-8B4A-11D0-8D11-00A0C91BC942}") = "glfwinfo", "tests\glfwinfo.vcxproj", "{58709320-3919-36C2-B963-17902FAA174D}"
	ProjectSection(ProjectDependencies) = postProject
		{418D9F7D-0C8E-3136-A9A6-410C06666AB4} = {418D9F7D-0C8E-3136-A9A6-410C06666AB4}
		{521F5110-9DFA-35DB-976A-AD3864D99567} = {521F5110-9DFA-35DB-976A-AD3864D99567}
	EndProjectSection
EndProject
Project("{8BC9CEB8-8B4A-11D0-8D11-00A0C91BC942}") = "heightmap", "examples\heightmap.vcxproj", "{92644AD3-8D37-3405-8E33-DBB44ED0CE4B}"
	ProjectSection(ProjectDependencies) = postProject
		{418D9F7D-0C8E-3136-A9A6-410C06666AB4} = {418D9F7D-0C8E-3136-A9A6-410C06666AB4}
		{521F5110-9DFA-35DB-976A-AD3864D99567} = {521F5110-9DFA-35DB-976A-AD3864D99567}
	EndProjectSection
EndProject
Project("{8BC9CEB8-8B4A-11D0-8D11-00A0C91BC942}") = "icon", "tests\icon.vcxproj", "{73C4166C-22F7-3832-BD79-DE7608642C31}"
	ProjectSection(ProjectDependencies) = postProject
		{418D9F7D-0C8E-3136-A9A6-410C06666AB4} = {418D9F7D-0C8E-3136-A9A6-410C06666AB4}
		{521F5110-9DFA-35DB-976A-AD3864D99567} = {521F5110-9DFA-35DB-976A-AD3864D99567}
	EndProjectSection
EndProject
Project("{8BC9CEB8-8B4A-11D0-8D11-00A0C91BC942}") = "iconify", "tests\iconify.vcxproj", "{D7AD6A8E-A494-35A3-9256-7CA659300A5A}"
	ProjectSection(ProjectDependencies) = postProject
		{418D9F7D-0C8E-3136-A9A6-410C06666AB4} = {418D9F7D-0C8E-3136-A9A6-410C06666AB4}
		{521F5110-9DFA-35DB-976A-AD3864D99567} = {521F5110-9DFA-35DB-976A-AD3864D99567}
	EndProjectSection
EndProject
Project("{8BC9CEB8-8B4A-11D0-8D11-00A0C91BC942}") = "inputlag", "tests\inputlag.vcxproj", "{A5FDB36F-62C4-3A31-81B5-AFBC9607751C}"
	ProjectSection(ProjectDependencies) = postProject
		{418D9F7D-0C8E-3136-A9A6-410C06666AB4} = {418D9F7D-0C8E-3136-A9A6-410C06666AB4}
		{521F5110-9DFA-35DB-976A-AD3864D99567} = {521F5110-9DFA-35DB-976A-AD3864D99567}
	EndProjectSection
EndProject
Project("{8BC9CEB8-8B4A-11D0-8D11-00A0C91BC942}") = "joysticks", "tests\joysticks.vcxproj", "{4C3D2444-E2F9-3495-B6AE-2F8740B76810}"
	ProjectSection(ProjectDependencies) = postProject
		{418D9F7D-0C8E-3136-A9A6-410C06666AB4} = {418D9F7D-0C8E-3136-A9A6-410C06666AB4}
		{521F5110-9DFA-35DB-976A-AD3864D99567} = {521F5110-9DFA-35DB-976A-AD3864D99567}
	EndProjectSection
EndProject
Project("{8BC9CEB8-8B4A-11D0-8D11-00A0C91BC942}") = "monitors", "tests\monitors.vcxproj", "{DDCAB1C3-53BC-3E1C-8FE1-FBAEF52C595F}"
	ProjectSection(ProjectDependencies) = postProject
		{418D9F7D-0C8E-3136-A9A6-410C06666AB4} = {418D9F7D-0C8E-3136-A9A6-410C06666AB4}
		{521F5110-9DFA-35DB-976A-AD3864D99567} = {521F5110-9DFA-35DB-976A-AD3864D99567}
	EndProjectSection
EndProject
Project("{8BC9CEB8-8B4A-11D0-8D11-00A0C91BC942}") = "msaa", "tests\msaa.vcxproj", "{3B394DAE-0E1E-3DC5-9200-1918050CCA15}"
	ProjectSection(ProjectDependencies) = postProject
		{418D9F7D-0C8E-3136-A9A6-410C06666AB4} = {418D9F7D-0C8E-3136-A9A6-410C06666AB4}
		{521F5110-9DFA-35DB-976A-AD3864D99567} = {521F5110-9DFA-35DB-976A-AD3864D99567}
	EndProjectSection
EndProject
Project("{8BC9CEB8-8B4A-11D0-8D11-00A0C91BC942}") = "offscreen", "examples\offscreen.vcxproj", "{A9D554EF-081C-3B32-87E4-91DDE01458E7}"
	ProjectSection(ProjectDependencies) = postProject
		{418D9F7D-0C8E-3136-A9A6-410C06666AB4} = {418D9F7D-0C8E-3136-A9A6-410C06666AB4}
		{521F5110-9DFA-35DB-976A-AD3864D99567} = {521F5110-9DFA-35DB-976A-AD3864D99567}
	EndProjectSection
EndProject
Project("{8BC9CEB8-8B4A-11D0-8D11-00A0C91BC942}") = "opacity", "tests\opacity.vcxproj", "{0860F8D2-95B3-30D1-A687-96D613BA9A20}"
	ProjectSection(ProjectDependencies) = postProject
		{418D9F7D-0C8E-3136-A9A6-410C06666AB4} = {418D9F7D-0C8E-3136-A9A6-410C06666AB4}
		{521F5110-9DFA-35DB-976A-AD3864D99567} = {521F5110-9DFA-35DB-976A-AD3864D99567}
	EndProjectSection
EndProject
Project("{8BC9CEB8-8B4A-11D0-8D11-00A0C91BC942}") = "particles", "examples\particles.vcxproj", "{26BC176C-B9F5-3FF8-9632-0917E5E35695}"
	ProjectSection(ProjectDependencies) = postProject
		{418D9F7D-0C8E-3136-A9A6-410C06666AB4} = {418D9F7D-0C8E-3136-A9A6-410C06666AB4}
		{521F5110-9DFA-35DB-976A-AD3864D99567} = {521F5110-9DFA-35DB-976A-AD3864D99567}
	EndProjectSection
EndProject
Project("{8BC9CEB8-8B4A-11D0-8D11-00A0C91BC942}") = "reopen", "tests\reopen.vcxproj", "{2F46D1C3-5D83-3974-BC1B-81850B2EAD4D}"
	ProjectSection(ProjectDependencies) = postProject
		{418D9F7D-0C8E-3136-A9A6-410C06666AB4} = {418D9F7D-0C8E-3136-A9A6-410C06666AB4}
		{521F5110-9DFA-35DB-976A-AD3864D99567} = {521F5110-9DFA-35DB-976A-AD3864D99567}
	EndProjectSection
EndProject
Project("{8BC9CEB8-8B4A-11D0-8D11-00A0C91BC942}") = "sharing", "examples\sharing.vcxproj", "{F7127460-C30E-3A28-86CC-A002F01B7B78}"
	ProjectSection(ProjectDependencies) = postProject
		{418D9F7D-0C8E-3136-A9A6-410C06666AB4} = {418D9F7D-0C8E-3136-A9A6-410C06666AB4}
		{521F5110-9DFA-35DB-976A-AD3864D99567} = {521F5110-9DFA-35DB-976A-AD3864D99567}
	EndProjectSection
EndProject
Project("{8BC9CEB8-8B4A-11D0-8D11-00A0C91BC942}") = "simple", "examples\simple.vcxproj", "{724B20F6-4479-399A-971C-623467C510FB}"
	ProjectSection(ProjectDependencies) = postProject
		{418D9F7D-0C8E-3136-A9A6-410C06666AB4} = {418D9F7D-0C8E-3136-A9A6-410C06666AB4}
		{521F5110-9DFA-35DB-976A-AD3864D99567} = {521F5110-9DFA-35DB-976A-AD3864D99567}
	EndProjectSection
EndProject
Project("{8BC9CEB8-8B4A-11D0-8D11-00A0C91BC942}") = "splitview", "examples\splitview.vcxproj", "{6FDD2AE8-F748-3E6D-9361-74DDB7E3F079}"
	ProjectSection(ProjectDependencies) = postProject
		{418D9F7D-0C8E-3136-A9A6-410C06666AB4} = {418D9F7D-0C8E-3136-A9A6-410C06666AB4}
		{521F5110-9DFA-35DB-976A-AD3864D99567} = {521F5110-9DFA-35DB-976A-AD3864D99567}
	EndProjectSection
EndProject
Project("{8BC9CEB8-8B4A-11D0-8D11-00A0C91BC942}") = "tearing", "tests\tearing.vcxproj", "{8EA264DD-B814-30CF-92D2-385935AFA62A}"
	ProjectSection(ProjectDependencies) = postProject
		{418D9F7D-0C8E-3136-A9A6-410C06666AB4} = {418D9F7D-0C8E-3136-A9A6-410C06666AB4}
		{521F5110-9DFA-35DB-976A-AD3864D99567} = {521F5110-9DFA-35DB-976A-AD3864D99567}
	EndProjectSection
EndProject
Project("{8BC9CEB8-8B4A-11D0-8D11-00A0C91BC942}") = "threads", "tests\threads.vcxproj", "{1975052D-9DCE-3CA0-BAEE-CE83E429F2FA}"
	ProjectSection(ProjectDependencies) = postProject
		{418D9F7D-0C8E-3136-A9A6-410C06666AB4} = {418D9F7D-0C8E-3136-A9A6-410C06666AB4}
		{521F5110-9DFA-35DB-976A-AD3864D99567} = {521F5110-9DFA-35DB-976A-AD3864D99567}
	EndProjectSection
EndProject
Project("{8BC9CEB8-8B4A-11D0-8D11-00A0C91BC942}") = "timeout", "tests\timeout.vcxproj", "{818472FB-40FA-3066-9CC5-E157B3DD4DE6}"
	ProjectSection(ProjectDependencies) = postProject
		{418D9F7D-0C8E-3136-A9A6-410C06666AB4} = {418D9F7D-0C8E-3136-A9A6-410C06666AB4}
		{521F5110-9DFA-35DB-976A-AD3864D99567} = {521F5110-9DFA-35DB-976A-AD3864D99567}
	EndProjectSection
EndProject
Project("{8BC9CEB8-8B4A-11D0-8D11-00A0C91BC942}") = "title", "tests\title.vcxproj", "{50AD251B-C103-3EB9-BF5F-E89150E9544D}"
	ProjectSection(ProjectDependencies) = postProject
		{418D9F7D-0C8E-3136-A9A6-410C06666AB4} = {418D9F7D-0C8E-3136-A9A6-410C06666AB4}
		{521F5110-9DFA-35DB-976A-AD3864D99567} = {521F5110-9DFA-35DB-976A-AD3864D99567}
	EndProjectSection
EndProject
Project("{8BC9CEB8-8B4A-11D0-8D11-00A0C91BC942}") = "triangle-vulkan", "tests\triangle-vulkan.vcxproj", "{D0D12C45-1E8E-3E69-A656-008B2F44DFEC}"
	ProjectSection(ProjectDependencies) = postProject
		{418D9F7D-0C8E-3136-A9A6-410C06666AB4} = {418D9F7D-0C8E-3136-A9A6-410C06666AB4}
		{521F5110-9DFA-35DB-976A-AD3864D99567} = {521F5110-9DFA-35DB-976A-AD3864D99567}
	EndProjectSection
EndProject
Project("{8BC9CEB8-8B4A-11D0-8D11-00A0C91BC942}") = "uninstall", "uninstall.vcxproj", "{6445F24F-A4FE-3FA2-BEC2-31CAF096077E}"
	ProjectSection(ProjectDependencies) = postProject
		{418D9F7D-0C8E-3136-A9A6-410C06666AB4} = {418D9F7D-0C8E-3136-A9A6-410C06666AB4}
	EndProjectSection
EndProject
Project("{8BC9CEB8-8B4A-11D0-8D11-00A0C91BC942}") = "update_mappings", "src\update_mappings.vcxproj", "{0A49FFEA-9691-3FBB-90EA-566A953DEB49}"
	ProjectSection(ProjectDependencies) = postProject
		{418D9F7D-0C8E-3136-A9A6-410C06666AB4} = {418D9F7D-0C8E-3136-A9A6-410C06666AB4}
	EndProjectSection
EndProject
Project("{8BC9CEB8-8B4A-11D0-8D11-00A0C91BC942}") = "wave", "examples\wave.vcxproj", "{03DD9642-4F8F-3FCC-A85E-C55F589B2226}"
	ProjectSection(ProjectDependencies) = postProject
		{418D9F7D-0C8E-3136-A9A6-410C06666AB4} = {418D9F7D-0C8E-3136-A9A6-410C06666AB4}
		{521F5110-9DFA-35DB-976A-AD3864D99567} = {521F5110-9DFA-35DB-976A-AD3864D99567}
	EndProjectSection
EndProject
Project("{8BC9CEB8-8B4A-11D0-8D11-00A0C91BC942}") = "windows", "tests\windows.vcxproj", "{938BD886-3BF1-3A0F-B966-AD2AD9A8C6EA}"
	ProjectSection(ProjectDependencies) = postProject
		{418D9F7D-0C8E-3136-A9A6-410C06666AB4} = {418D9F7D-0C8E-3136-A9A6-410C06666AB4}
		{521F5110-9DFA-35DB-976A-AD3864D99567} = {521F5110-9DFA-35DB-976A-AD3864D99567}
	EndProjectSection
EndProject
Global
	GlobalSection(SolutionConfigurationPlatforms) = preSolution
		Debug|x64 = Debug|x64
		Release|x64 = Release|x64
		MinSizeRel|x64 = MinSizeRel|x64
		RelWithDebInfo|x64 = RelWithDebInfo|x64
	EndGlobalSection
	GlobalSection(ProjectConfigurationPlatforms) = postSolution
		{FA61BBB1-895C-3EA3-8E46-C101F10A4318}.Debug|x64.ActiveCfg = Debug|x64
		{FA61BBB1-895C-3EA3-8E46-C101F10A4318}.Debug|x64.Build.0 = Debug|x64
		{FA61BBB1-895C-3EA3-8E46-C101F10A4318}.Release|x64.ActiveCfg = Release|x64
		{FA61BBB1-895C-3EA3-8E46-C101F10A4318}.Release|x64.Build.0 = Release|x64
		{FA61BBB1-895C-3EA3-8E46-C101F10A4318}.MinSizeRel|x64.ActiveCfg = MinSizeRel|x64
		{FA61BBB1-895C-3EA3-8E46-C101F10A4318}.MinSizeRel|x64.Build.0 = MinSizeRel|x64
		{FA61BBB1-895C-3EA3-8E46-C101F10A4318}.RelWithDebInfo|x64.ActiveCfg = RelWithDebInfo|x64
		{FA61BBB1-895C-3EA3-8E46-C101F10A4318}.RelWithDebInfo|x64.Build.0 = RelWithDebInfo|x64
		{81A43708-608F-316C-AFDA-E0E2FA37872C}.Debug|x64.ActiveCfg = Debug|x64
		{81A43708-608F-316C-AFDA-E0E2FA37872C}.Release|x64.ActiveCfg = Release|x64
		{81A43708-608F-316C-AFDA-E0E2FA37872C}.MinSizeRel|x64.ActiveCfg = MinSizeRel|x64
		{81A43708-608F-316C-AFDA-E0E2FA37872C}.RelWithDebInfo|x64.ActiveCfg = RelWithDebInfo|x64
		{418D9F7D-0C8E-3136-A9A6-410C06666AB4}.Debug|x64.ActiveCfg = Debug|x64
		{418D9F7D-0C8E-3136-A9A6-410C06666AB4}.Debug|x64.Build.0 = Debug|x64
		{418D9F7D-0C8E-3136-A9A6-410C06666AB4}.Release|x64.ActiveCfg = Release|x64
		{418D9F7D-0C8E-3136-A9A6-410C06666AB4}.Release|x64.Build.0 = Release|x64
		{418D9F7D-0C8E-3136-A9A6-410C06666AB4}.MinSizeRel|x64.ActiveCfg = MinSizeRel|x64
		{418D9F7D-0C8E-3136-A9A6-410C06666AB4}.MinSizeRel|x64.Build.0 = MinSizeRel|x64
		{418D9F7D-0C8E-3136-A9A6-410C06666AB4}.RelWithDebInfo|x64.ActiveCfg = RelWithDebInfo|x64
		{418D9F7D-0C8E-3136-A9A6-410C06666AB4}.RelWithDebInfo|x64.Build.0 = RelWithDebInfo|x64
		{64EF5F96-73A3-3CA7-9D9E-BF8C763C375F}.Debug|x64.ActiveCfg = Debug|x64
		{64EF5F96-73A3-3CA7-9D9E-BF8C763C375F}.Debug|x64.Build.0 = Debug|x64
		{64EF5F96-73A3-3CA7-9D9E-BF8C763C375F}.Release|x64.ActiveCfg = Release|x64
		{64EF5F96-73A3-3CA7-9D9E-BF8C763C375F}.Release|x64.Build.0 = Release|x64
		{64EF5F96-73A3-3CA7-9D9E-BF8C763C375F}.MinSizeRel|x64.ActiveCfg = MinSizeRel|x64
		{64EF5F96-73A3-3CA7-9D9E-BF8C763C375F}.MinSizeRel|x64.Build.0 = MinSizeRel|x64
		{64EF5F96-73A3-3CA7-9D9E-BF8C763C375F}.RelWithDebInfo|x64.ActiveCfg = RelWithDebInfo|x64
		{64EF5F96-73A3-3CA7-9D9E-BF8C763C375F}.RelWithDebInfo|x64.Build.0 = RelWithDebInfo|x64
		{A88C5D8B-CEA0-3EE0-8706-ECCB14EBAA28}.Debug|x64.ActiveCfg = Debug|x64
		{A88C5D8B-CEA0-3EE0-8706-ECCB14EBAA28}.Debug|x64.Build.0 = Debug|x64
		{A88C5D8B-CEA0-3EE0-8706-ECCB14EBAA28}.Release|x64.ActiveCfg = Release|x64
		{A88C5D8B-CEA0-3EE0-8706-ECCB14EBAA28}.Release|x64.Build.0 = Release|x64
		{A88C5D8B-CEA0-3EE0-8706-ECCB14EBAA28}.MinSizeRel|x64.ActiveCfg = MinSizeRel|x64
		{A88C5D8B-CEA0-3EE0-8706-ECCB14EBAA28}.MinSizeRel|x64.Build.0 = MinSizeRel|x64
		{A88C5D8B-CEA0-3EE0-8706-ECCB14EBAA28}.RelWithDebInfo|x64.ActiveCfg = RelWithDebInfo|x64
		{A88C5D8B-CEA0-3EE0-8706-ECCB14EBAA28}.RelWithDebInfo|x64.Build.0 = RelWithDebInfo|x64
		{92921FC2-F105-3759-90E6-CAD8086484AA}.Debug|x64.ActiveCfg = Debug|x64
		{92921FC2-F105-3759-90E6-CAD8086484AA}.Debug|x64.Build.0 = Debug|x64
		{92921FC2-F105-3759-90E6-CAD8086484AA}.Release|x64.ActiveCfg = Release|x64
		{92921FC2-F105-3759-90E6-CAD8086484AA}.Release|x64.Build.0 = Release|x64
		{92921FC2-F105-3759-90E6-CAD8086484AA}.MinSizeRel|x64.ActiveCfg = MinSizeRel|x64
		{92921FC2-F105-3759-90E6-CAD8086484AA}.MinSizeRel|x64.Build.0 = MinSizeRel|x64
		{92921FC2-F105-3759-90E6-CAD8086484AA}.RelWithDebInfo|x64.ActiveCfg = RelWithDebInfo|x64
		{92921FC2-F105-3759-90E6-CAD8086484AA}.RelWithDebInfo|x64.Build.0 = RelWithDebInfo|x64
		{DBB43736-49C1-30B3-BB88-4FAD7689378F}.Debug|x64.ActiveCfg = Debug|x64
		{DBB43736-49C1-30B3-BB88-4FAD7689378F}.Debug|x64.Build.0 = Debug|x64
		{DBB43736-49C1-30B3-BB88-4FAD7689378F}.Release|x64.ActiveCfg = Release|x64
		{DBB43736-49C1-30B3-BB88-4FAD7689378F}.Release|x64.Build.0 = Release|x64
		{DBB43736-49C1-30B3-BB88-4FAD7689378F}.MinSizeRel|x64.ActiveCfg = MinSizeRel|x64
		{DBB43736-49C1-30B3-BB88-4FAD7689378F}.MinSizeRel|x64.Build.0 = MinSizeRel|x64
		{DBB43736-49C1-30B3-BB88-4FAD7689378F}.RelWithDebInfo|x64.ActiveCfg = RelWithDebInfo|x64
		{DBB43736-49C1-30B3-BB88-4FAD7689378F}.RelWithDebInfo|x64.Build.0 = RelWithDebInfo|x64
		{21943043-70DD-39C8-AB9E-F134F09224D9}.Debug|x64.ActiveCfg = Debug|x64
		{21943043-70DD-39C8-AB9E-F134F09224D9}.Debug|x64.Build.0 = Debug|x64
		{21943043-70DD-39C8-AB9E-F134F09224D9}.Release|x64.ActiveCfg = Release|x64
		{21943043-70DD-39C8-AB9E-F134F09224D9}.Release|x64.Build.0 = Release|x64
		{21943043-70DD-39C8-AB9E-F134F09224D9}.MinSizeRel|x64.ActiveCfg = MinSizeRel|x64
		{21943043-70DD-39C8-AB9E-F134F09224D9}.MinSizeRel|x64.Build.0 = MinSizeRel|x64
		{21943043-70DD-39C8-AB9E-F134F09224D9}.RelWithDebInfo|x64.ActiveCfg = RelWithDebInfo|x64
		{21943043-70DD-39C8-AB9E-F134F09224D9}.RelWithDebInfo|x64.Build.0 = RelWithDebInfo|x64
		{F9351A0A-2DA1-3B6E-A189-EE936D66867D}.Debug|x64.ActiveCfg = Debug|x64
		{F9351A0A-2DA1-3B6E-A189-EE936D66867D}.Debug|x64.Build.0 = Debug|x64
		{F9351A0A-2DA1-3B6E-A189-EE936D66867D}.Release|x64.ActiveCfg = Release|x64
		{F9351A0A-2DA1-3B6E-A189-EE936D66867D}.Release|x64.Build.0 = Release|x64
		{F9351A0A-2DA1-3B6E-A189-EE936D66867D}.MinSizeRel|x64.ActiveCfg = MinSizeRel|x64
		{F9351A0A-2DA1-3B6E-A189-EE936D66867D}.MinSizeRel|x64.Build.0 = MinSizeRel|x64
		{F9351A0A-2DA1-3B6E-A189-EE936D66867D}.RelWithDebInfo|x64.ActiveCfg = RelWithDebInfo|x64
		{F9351A0A-2DA1-3B6E-A189-EE936D66867D}.RelWithDebInfo|x64.Build.0 = RelWithDebInfo|x64
		{612DAF57-93FF-3CBE-A2A9-1013CCFEAD5D}.Debug|x64.ActiveCfg = Debug|x64
		{612DAF57-93FF-3CBE-A2A9-1013CCFEAD5D}.Debug|x64.Build.0 = Debug|x64
		{612DAF57-93FF-3CBE-A2A9-1013CCFEAD5D}.Release|x64.ActiveCfg = Release|x64
		{612DAF57-93FF-3CBE-A2A9-1013CCFEAD5D}.Release|x64.Build.0 = Release|x64
		{612DAF57-93FF-3CBE-A2A9-1013CCFEAD5D}.MinSizeRel|x64.ActiveCfg = MinSizeRel|x64
		{612DAF57-93FF-3CBE-A2A9-1013CCFEAD5D}.MinSizeRel|x64.Build.0 = MinSizeRel|x64
		{612DAF57-93FF-3CBE-A2A9-1013CCFEAD5D}.RelWithDebInfo|x64.ActiveCfg = RelWithDebInfo|x64
		{612DAF57-93FF-3CBE-A2A9-1013CCFEAD5D}.RelWithDebInfo|x64.Build.0 = RelWithDebInfo|x64
		{521F5110-9DFA-35DB-976A-AD3864D99567}.Debug|x64.ActiveCfg = Debug|x64
		{521F5110-9DFA-35DB-976A-AD3864D99567}.Debug|x64.Build.0 = Debug|x64
		{521F5110-9DFA-35DB-976A-AD3864D99567}.Release|x64.ActiveCfg = Release|x64
		{521F5110-9DFA-35DB-976A-AD3864D99567}.Release|x64.Build.0 = Release|x64
		{521F5110-9DFA-35DB-976A-AD3864D99567}.MinSizeRel|x64.ActiveCfg = MinSizeRel|x64
		{521F5110-9DFA-35DB-976A-AD3864D99567}.MinSizeRel|x64.Build.0 = MinSizeRel|x64
		{521F5110-9DFA-35DB-976A-AD3864D99567}.RelWithDebInfo|x64.ActiveCfg = RelWithDebInfo|x64
		{521F5110-9DFA-35DB-976A-AD3864D99567}.RelWithDebInfo|x64.Build.0 = RelWithDebInfo|x64
		{58709320-3919-36C2-B963-17902FAA174D}.Debug|x64.ActiveCfg = Debug|x64
		{58709320-3919-36C2-B963-17902FAA174D}.Debug|x64.Build.0 = Debug|x64
		{58709320-3919-36C2-B963-17902FAA174D}.Release|x64.ActiveCfg = Release|x64
		{58709320-3919-36C2-B963-17902FAA174D}.Release|x64.Build.0 = Release|x64
		{58709320-3919-36C2-B963-17902FAA174D}.MinSizeRel|x64.ActiveCfg = MinSizeRel|x64
		{58709320-3919-36C2-B963-17902FAA174D}.MinSizeRel|x64.Build.0 = MinSizeRel|x64
		{58709320-3919-36C2-B963-17902FAA174D}.RelWithDebInfo|x64.ActiveCfg = RelWithDebInfo|x64
		{58709320-3919-36C2-B963-17902FAA174D}.RelWithDebInfo|x64.Build.0 = RelWithDebInfo|x64
		{92644AD3-8D37-3405-8E33-DBB44ED0CE4B}.Debug|x64.ActiveCfg = Debug|x64
		{92644AD3-8D37-3405-8E33-DBB44ED0CE4B}.Debug|x64.Build.0 = Debug|x64
		{92644AD3-8D37-3405-8E33-DBB44ED0CE4B}.Release|x64.ActiveCfg = Release|x64
		{92644AD3-8D37-3405-8E33-DBB44ED0CE4B}.Release|x64.Build.0 = Release|x64
		{92644AD3-8D37-3405-8E33-DBB44ED0CE4B}.MinSizeRel|x64.ActiveCfg = MinSizeRel|x64
		{92644AD3-8D37-3405-8E33-DBB44ED0CE4B}.MinSizeRel|x64.Build.0 = MinSizeRel|x64
		{92644AD3-8D37-3405-8E33-DBB44ED0CE4B}.RelWithDebInfo|x64.ActiveCfg = RelWithDebInfo|x64
		{92644AD3-8D37-3405-8E33-DBB44ED0CE4B}.RelWithDebInfo|x64.Build.0 = RelWithDebInfo|x64
		{73C4166C-22F7-3832-BD79-DE7608642C31}.Debug|x64.ActiveCfg = Debug|x64
		{73C4166C-22F7-3832-BD79-DE7608642C31}.Debug|x64.Build.0 = Debug|x64
		{73C4166C-22F7-3832-BD79-DE7608642C31}.Release|x64.ActiveCfg = Release|x64
		{73C4166C-22F7-3832-BD79-DE7608642C31}.Release|x64.Build.0 = Release|x64
		{73C4166C-22F7-3832-BD79-DE7608642C31}.MinSizeRel|x64.ActiveCfg = MinSizeRel|x64
		{73C4166C-22F7-3832-BD79-DE7608642C31}.MinSizeRel|x64.Build.0 = MinSizeRel|x64
		{73C4166C-22F7-3832-BD79-DE7608642C31}.RelWithDebInfo|x64.ActiveCfg = RelWithDebInfo|x64
		{73C4166C-22F7-3832-BD79-DE7608642C31}.RelWithDebInfo|x64.Build.0 = RelWithDebInfo|x64
		{D7AD6A8E-A494-35A3-9256-7CA659300A5A}.Debug|x64.ActiveCfg = Debug|x64
		{D7AD6A8E-A494-35A3-9256-7CA659300A5A}.Debug|x64.Build.0 = Debug|x64
		{D7AD6A8E-A494-35A3-9256-7CA659300A5A}.Release|x64.ActiveCfg = Release|x64
		{D7AD6A8E-A494-35A3-9256-7CA659300A5A}.Release|x64.Build.0 = Release|x64
		{D7AD6A8E-A494-35A3-9256-7CA659300A5A}.MinSizeRel|x64.ActiveCfg = MinSizeRel|x64
		{D7AD6A8E-A494-35A3-9256-7CA659300A5A}.MinSizeRel|x64.Build.0 = MinSizeRel|x64
		{D7AD6A8E-A494-35A3-9256-7CA659300A5A}.RelWithDebInfo|x64.ActiveCfg = RelWithDebInfo|x64
		{D7AD6A8E-A494-35A3-9256-7CA659300A5A}.RelWithDebInfo|x64.Build.0 = RelWithDebInfo|x64
		{A5FDB36F-62C4-3A31-81B5-AFBC9607751C}.Debug|x64.ActiveCfg = Debug|x64
		{A5FDB36F-62C4-3A31-81B5-AFBC9607751C}.Debug|x64.Build.0 = Debug|x64
		{A5FDB36F-62C4-3A31-81B5-AFBC9607751C}.Release|x64.ActiveCfg = Release|x64
		{A5FDB36F-62C4-3A31-81B5-AFBC9607751C}.Release|x64.Build.0 = Release|x64
		{A5FDB36F-62C4-3A31-81B5-AFBC9607751C}.MinSizeRel|x64.ActiveCfg = MinSizeRel|x64
		{A5FDB36F-62C4-3A31-81B5-AFBC9607751C}.MinSizeRel|x64.Build.0 = MinSizeRel|x64
		{A5FDB36F-62C4-3A31-81B5-AFBC9607751C}.RelWithDebInfo|x64.ActiveCfg = RelWithDebInfo|x64
		{A5FDB36F-62C4-3A31-81B5-AFBC9607751C}.RelWithDebInfo|x64.Build.0 = RelWithDebInfo|x64
		{4C3D2444-E2F9-3495-B6AE-2F8740B76810}.Debug|x64.ActiveCfg = Debug|x64
		{4C3D2444-E2F9-3495-B6AE-2F8740B76810}.Debug|x64.Build.0 = Debug|x64
		{4C3D2444-E2F9-3495-B6AE-2F8740B76810}.Release|x64.ActiveCfg = Release|x64
		{4C3D2444-E2F9-3495-B6AE-2F8740B76810}.Release|x64.Build.0 = Release|x64
		{4C3D2444-E2F9-3495-B6AE-2F8740B76810}.MinSizeRel|x64.ActiveCfg = MinSizeRel|x64
		{4C3D2444-E2F9-3495-B6AE-2F8740B76810}.MinSizeRel|x64.Build.0 = MinSizeRel|x64
		{4C3D2444-E2F9-3495-B6AE-2F8740B76810}.RelWithDebInfo|x64.ActiveCfg = RelWithDebInfo|x64
		{4C3D2444-E2F9-3495-B6AE-2F8740B76810}.RelWithDebInfo|x64.Build.0 = RelWithDebInfo|x64
		{DDCAB1C3-53BC-3E1C-8FE1-FBAEF52C595F}.Debug|x64.ActiveCfg = Debug|x64
		{DDCAB1C3-53BC-3E1C-8FE1-FBAEF52C595F}.Debug|x64.Build.0 = Debug|x64
		{DDCAB1C3-53BC-3E1C-8FE1-FBAEF52C595F}.Release|x64.ActiveCfg = Release|x64
		{DDCAB1C3-53BC-3E1C-8FE1-FBAEF52C595F}.Release|x64.Build.0 = Release|x64
		{DDCAB1C3-53BC-3E1C-8FE1-FBAEF52C595F}.MinSizeRel|x64.ActiveCfg = MinSizeRel|x64
		{DDCAB1C3-53BC-3E1C-8FE1-FBAEF52C595F}.MinSizeRel|x64.Build.0 = MinSizeRel|x64
		{DDCAB1C3-53BC-3E1C-8FE1-FBAEF52C595F}.RelWithDebInfo|x64.ActiveCfg = RelWithDebInfo|x64
		{DDCAB1C3-53BC-3E1C-8FE1-FBAEF52C595F}.RelWithDebInfo|x64.Build.0 = RelWithDebInfo|x64
		{3B394DAE-0E1E-3DC5-9200-1918050CCA15}.Debug|x64.ActiveCfg = Debug|x64
		{3B394DAE-0E1E-3DC5-9200-1918050CCA15}.Debug|x64.Build.0 = Debug|x64
		{3B394DAE-0E1E-3DC5-9200-1918050CCA15}.Release|x64.ActiveCfg = Release|x64
		{3B394DAE-0E1E-3DC5-9200-1918050CCA15}.Release|x64.Build.0 = Release|x64
		{3B394DAE-0E1E-3DC5-9200-1918050CCA15}.MinSizeRel|x64.ActiveCfg = MinSizeRel|x64
		{3B394DAE-0E1E-3DC5-9200-1918050CCA15}.MinSizeRel|x64.Build.0 = MinSizeRel|x64
		{3B394DAE-0E1E-3DC5-9200-1918050CCA15}.RelWithDebInfo|x64.ActiveCfg = RelWithDebInfo|x64
		{3B394DAE-0E1E-3DC5-9200-1918050CCA15}.RelWithDebInfo|x64.Build.0 = RelWithDebInfo|x64
		{A9D554EF-081C-3B32-87E4-91DDE01458E7}.Debug|x64.ActiveCfg = Debug|x64
		{A9D554EF-081C-3B32-87E4-91DDE01458E7}.Debug|x64.Build.0 = Debug|x64
		{A9D554EF-081C-3B32-87E4-91DDE01458E7}.Release|x64.ActiveCfg = Release|x64
		{A9D554EF-081C-3B32-87E4-91DDE01458E7}.Release|x64.Build.0 = Release|x64
		{A9D554EF-081C-3B32-87E4-91DDE01458E7}.MinSizeRel|x64.ActiveCfg = MinSizeRel|x64
		{A9D554EF-081C-3B32-87E4-91DDE01458E7}.MinSizeRel|x64.Build.0 = MinSizeRel|x64
		{A9D554EF-081C-3B32-87E4-91DDE01458E7}.RelWithDebInfo|x64.ActiveCfg = RelWithDebInfo|x64
		{A9D554EF-081C-3B32-87E4-91DDE01458E7}.RelWithDebInfo|x64.Build.0 = RelWithDebInfo|x64
		{0860F8D2-95B3-30D1-A687-96D613BA9A20}.Debug|x64.ActiveCfg = Debug|x64
		{0860F8D2-95B3-30D1-A687-96D613BA9A20}.Debug|x64.Build.0 = Debug|x64
		{0860F8D2-95B3-30D1-A687-96D613BA9A20}.Release|x64.ActiveCfg = Release|x64
		{0860F8D2-95B3-30D1-A687-96D613BA9A20}.Release|x64.Build.0 = Release|x64
		{0860F8D2-95B3-30D1-A687-96D613BA9A20}.MinSizeRel|x64.ActiveCfg = MinSizeRel|x64
		{0860F8D2-95B3-30D1-A687-96D613BA9A20}.MinSizeRel|x64.Build.0 = MinSizeRel|x64
		{0860F8D2-95B3-30D1-A687-96D613BA9A20}.RelWithDebInfo|x64.ActiveCfg = RelWithDebInfo|x64
		{0860F8D2-95B3-30D1-A687-96D613BA9A20}.RelWithDebInfo|x64.Build.0 = RelWithDebInfo|x64
		{26BC176C-B9F5-3FF8-9632-0917E5E35695}.Debug|x64.ActiveCfg = Debug|x64
		{26BC176C-B9F5-3FF8-9632-0917E5E35695}.Debug|x64.Build.0 = Debug|x64
		{26BC176C-B9F5-3FF8-9632-0917E5E35695}.Release|x64.ActiveCfg = Release|x64
		{26BC176C-B9F5-3FF8-9632-0917E5E35695}.Release|x64.Build.0 = Release|x64
		{26BC176C-B9F5-3FF8-9632-0917E5E35695}.MinSizeRel|x64.ActiveCfg = MinSizeRel|x64
		{26BC176C-B9F5-3FF8-9632-0917E5E35695}.MinSizeRel|x64.Build.0 = MinSizeRel|x64
		{26BC176C-B9F5-3FF8-9632-0917E5E35695}.RelWithDebInfo|x64.ActiveCfg = RelWithDebInfo|x64
		{26BC176C-B9F5-3FF8-9632-0917E5E35695}.RelWithDebInfo|x64.Build.0 = RelWithDebInfo|x64
		{2F46D1C3-5D83-3974-BC1B-81850B2EAD4D}.Debug|x64.ActiveCfg = Debug|x64
		{2F46D1C3-5D83-3974-BC1B-81850B2EAD4D}.Debug|x64.Build.0 = Debug|x64
		{2F46D1C3-5D83-3974-BC1B-81850B2EAD4D}.Release|x64.ActiveCfg = Release|x64
		{2F46D1C3-5D83-3974-BC1B-81850B2EAD4D}.Release|x64.Build.0 = Release|x64
		{2F46D1C3-5D83-3974-BC1B-81850B2EAD4D}.MinSizeRel|x64.ActiveCfg = MinSizeRel|x64
		{2F46D1C3-5D83-3974-BC1B-81850B2EAD4D}.MinSizeRel|x64.Build.0 = MinSizeRel|x64
		{2F46D1C3-5D83-3974-BC1B-81850B2EAD4D}.RelWithDebInfo|x64.ActiveCfg = RelWithDebInfo|x64
		{2F46D1C3-5D83-3974-BC1B-81850B2EAD4D}.RelWithDebInfo|x64.Build.0 = RelWithDebInfo|x64
		{F7127460-C30E-3A28-86CC-A002F01B7B78}.Debug|x64.ActiveCfg = Debug|x64
		{F7127460-C30E-3A28-86CC-A002F01B7B78}.Debug|x64.Build.0 = Debug|x64
		{F7127460-C30E-3A28-86CC-A002F01B7B78}.Release|x64.ActiveCfg = Release|x64
		{F7127460-C30E-3A28-86CC-A002F01B7B78}.Release|x64.Build.0 = Release|x64
		{F7127460-C30E-3A28-86CC-A002F01B7B78}.MinSizeRel|x64.ActiveCfg = MinSizeRel|x64
		{F7127460-C30E-3A28-86CC-A002F01B7B78}.MinSizeRel|x64.Build.0 = MinSizeRel|x64
		{F7127460-C30E-3A28-86CC-A002F01B7B78}.RelWithDebInfo|x64.ActiveCfg = RelWithDebInfo|x64
		{F7127460-C30E-3A28-86CC-A002F01B7B78}.RelWithDebInfo|x64.Build.0 = RelWithDebInfo|x64
		{724B20F6-4479-399A-971C-623467C510FB}.Debug|x64.ActiveCfg = Debug|x64
		{724B20F6-4479-399A-971C-623467C510FB}.Debug|x64.Build.0 = Debug|x64
		{724B20F6-4479-399A-971C-623467C510FB}.Release|x64.ActiveCfg = Release|x64
		{724B20F6-4479-399A-971C-623467C510FB}.Release|x64.Build.0 = Release|x64
		{724B20F6-4479-399A-971C-623467C510FB}.MinSizeRel|x64.ActiveCfg = MinSizeRel|x64
		{724B20F6-4479-399A-971C-623467C510FB}.MinSizeRel|x64.Build.0 = MinSizeRel|x64
		{724B20F6-4479-399A-971C-623467C510FB}.RelWithDebInfo|x64.ActiveCfg = RelWithDebInfo|x64
		{724B20F6-4479-399A-971C-623467C510FB}.RelWithDebInfo|x64.Build.0 = RelWithDebInfo|x64
		{6FDD2AE8-F748-3E6D-9361-74DDB7E3F079}.Debug|x64.ActiveCfg = Debug|x64
		{6FDD2AE8-F748-3E6D-9361-74DDB7E3F079}.Debug|x64.Build.0 = Debug|x64
		{6FDD2AE8-F748-3E6D-9361-74DDB7E3F079}.Release|x64.ActiveCfg = Release|x64
		{6FDD2AE8-F748-3E6D-9361-74DDB7E3F079}.Release|x64.Build.0 = Release|x64
		{6FDD2AE8-F748-3E6D-9361-74DDB7E3F079}.MinSizeRel|x64.ActiveCfg = MinSizeRel|x64
		{6FDD2AE8-F748-3E6D-9361-74DDB7E3F079}.MinSizeRel|x64.Build.0 = MinSizeRel|x64
		{6FDD2AE8-F748-3E6D-9361-74DDB7E3F079}.RelWithDebInfo|x64.ActiveCfg = RelWithDebInfo|x64
		{6FDD2AE8-F748-3E6D-9361-74DDB7E3F079}.RelWithDebInfo|x64.Build.0 = RelWithDebInfo|x64
		{8EA264DD-B814-30CF-92D2-385935AFA62A}.Debug|x64.ActiveCfg = Debug|x64
		{8EA264DD-B814-30CF-92D2-385935AFA62A}.Debug|x64.Build.0 = Debug|x64
		{8EA264DD-B814-30CF-92D2-385935AFA62A}.Release|x64.ActiveCfg = Release|x64
		{8EA264DD-B814-30CF-92D2-385935AFA62A}.Release|x64.Build.0 = Release|x64
		{8EA264DD-B814-30CF-92D2-385935AFA62A}.MinSizeRel|x64.ActiveCfg = MinSizeRel|x64
		{8EA264DD-B814-30CF-92D2-385935AFA62A}.MinSizeRel|x64.Build.0 = MinSizeRel|x64
		{8EA264DD-B814-30CF-92D2-385935AFA62A}.RelWithDebInfo|x64.ActiveCfg = RelWithDebInfo|x64
		{8EA264DD-B814-30CF-92D2-385935AFA62A}.RelWithDebInfo|x64.Build.0 = RelWithDebInfo|x64
		{1975052D-9DCE-3CA0-BAEE-CE83E429F2FA}.Debug|x64.ActiveCfg = Debug|x64
		{1975052D-9DCE-3CA0-BAEE-CE83E429F2FA}.Debug|x64.Build.0 = Debug|x64
		{1975052D-9DCE-3CA0-BAEE-CE83E429F2FA}.Release|x64.ActiveCfg = Release|x64
		{1975052D-9DCE-3CA0-BAEE-CE83E429F2FA}.Release|x64.Build.0 = Release|x64
		{1975052D-9DCE-3CA0-BAEE-CE83E429F2FA}.MinSizeRel|x64.ActiveCfg = MinSizeRel|x64
		{1975052D-9DCE-3CA0-BAEE-CE83E429F2FA}.MinSizeRel|x64.Build.0 = MinSizeRel|x64
		{1975052D-9DCE-3CA0-BAEE-CE83E429F2FA}.RelWithDebInfo|x64.ActiveCfg = RelWithDebInfo|x64
		{1975052D-9DCE-3CA0-BAEE-CE83E429F2FA}.RelWithDebInfo|x64.Build.0 = RelWithDebInfo|x64
		{818472FB-40FA-3066-9CC5-E157B3DD4DE6}.Debug|x64.ActiveCfg = Debug|x64
		{818472FB-40FA-3066-9CC5-E157B3DD4DE6}.Debug|x64.Build.0 = Debug|x64
		{818472FB-40FA-3066-9CC5-E157B3DD4DE6}.Release|x64.ActiveCfg = Release|x64
		{818472FB-40FA-3066-9CC5-E157B3DD4DE6}.Release|x64.Build.0 = Release|x64
		{818472FB-40FA-3066-9CC5-E157B3DD4DE6}.MinSizeRel|x64.ActiveCfg = MinSizeRel|x64
		{818472FB-40FA-3066-9CC5-E157B3DD4DE6}.MinSizeRel|x64.Build.0 = MinSizeRel|x64
		{818472FB-40FA-3066-9CC5-E157B3DD4DE6}.RelWithDebInfo|x64.ActiveCfg = RelWithDebInfo|x64
		{818472FB-40FA-3066-9CC5-E157B3DD4DE6}.RelWithDebInfo|x64.Build.0 = RelWithDebInfo|x64
		{50AD251B-C103-3EB9-BF5F-E89150E9544D}.Debug|x64.ActiveCfg = Debug|x64
		{50AD251B-C103-3EB9-BF5F-E89150E9544D}.Debug|x64.Build.0 = Debug|x64
		{50AD251B-C103-3EB9-BF5F-E89150E9544D}.Release|x64.ActiveCfg = Release|x64
		{50AD251B-C103-3EB9-BF5F-E89150E9544D}.Release|x64.Build.0 = Release|x64
		{50AD251B-C103-3EB9-BF5F-E89150E9544D}.MinSizeRel|x64.ActiveCfg = MinSizeRel|x64
		{50AD251B-C103-3EB9-BF5F-E89150E9544D}.MinSizeRel|x64.Build.0 = MinSizeRel|x64
		{50AD251B-C103-3EB9-BF5F-E89150E9544D}.RelWithDebInfo|x64.ActiveCfg = RelWithDebInfo|x64
		{50AD251B-C103-3EB9-BF5F-E89150E9544D}.RelWithDebInfo|x64.Build.0 = RelWithDebInfo|x64
		{D0D12C45-1E8E-3E69-A656-008B2F44DFEC}.Debug|x64.ActiveCfg = Debug|x64
		{D0D12C45-1E8E-3E69-A656-008B2F44DFEC}.Debug|x64.Build.0 = Debug|x64
		{D0D12C45-1E8E-3E69-A656-008B2F44DFEC}.Release|x64.ActiveCfg = Release|x64
		{D0D12C45-1E8E-3E69-A656-008B2F44DFEC}.Release|x64.Build.0 = Release|x64
		{D0D12C45-1E8E-3E69-A656-008B2F44DFEC}.MinSizeRel|x64.ActiveCfg = MinSizeRel|x64
		{D0D12C45-1E8E-3E69-A656-008B2F44DFEC}.MinSizeRel|x64.Build.0 = MinSizeRel|x64
		{D0D12C45-1E8E-3E69-A656-008B2F44DFEC}.RelWithDebInfo|x64.ActiveCfg = RelWithDebInfo|x64
		{D0D12C45-1E8E-3E69-A656-008B2F44DFEC}.RelWithDebInfo|x64.Build.0 = RelWithDebInfo|x64
		{6445F24F-A4FE-3FA2-BEC2-31CAF096077E}.Debug|x64.ActiveCfg = Debug|x64
		{6445F24F-A4FE-3FA2-BEC2-31CAF096077E}.Release|x64.ActiveCfg = Release|x64
		{6445F24F-A4FE-3FA2-BEC2-31CAF096077E}.MinSizeRel|x64.ActiveCfg = MinSizeRel|x64
		{6445F24F-A4FE-3FA2-BEC2-31CAF096077E}.RelWithDebInfo|x64.ActiveCfg = RelWithDebInfo|x64
		{0A49FFEA-9691-3FBB-90EA-566A953DEB49}.Debug|x64.ActiveCfg = Debug|x64
		{0A49FFEA-9691-3FBB-90EA-566A953DEB49}.Release|x64.ActiveCfg = Release|x64
		{0A49FFEA-9691-3FBB-90EA-566A953DEB49}.MinSizeRel|x64.ActiveCfg = MinSizeRel|x64
		{0A49FFEA-9691-3FBB-90EA-566A953DEB49}.RelWithDebInfo|x64.ActiveCfg = RelWithDebInfo|x64
		{03DD9642-4F8F-3FCC-A85E-C55F589B2226}.Debug|x64.ActiveCfg = Debug|x64
		{03DD9642-4F8F-3FCC-A85E-C55F589B2226}.Debug|x64.Build.0 = Debug|x64
		{03DD9642-4F8F-3FCC-A85E-C55F589B2226}.Release|x64.ActiveCfg = Release|x64
		{03DD9642-4F8F-3FCC-A85E-C55F589B2226}.Release|x64.Build.0 = Release|x64
		{03DD9642-4F8F-3FCC-A85E-C55F589B2226}.MinSizeRel|x64.ActiveCfg = MinSizeRel|x64
		{03DD9642-4F8F-3FCC-A85E-C55F589B2226}.MinSizeRel|x64.Build.0 = MinSizeRel|x64
		{03DD9642-4F8F-3FCC-A85E-C55F589B2226}.RelWithDebInfo|x64.ActiveCfg = RelWithDebInfo|x64
		{03DD9642-4F8F-3FCC-A85E-C55F589B2226}.RelWithDebInfo|x64.Build.0 = RelWithDebInfo|x64
		{938BD886-3BF1-3A0F-B966-AD2AD9A8C6EA}.Debug|x64.ActiveCfg = Debug|x64
		{938BD886-3BF1-3A0F-B966-AD2AD9A8C6EA}.Debug|x64.Build.0 = Debug|x64
		{938BD886-3BF1-3A0F-B966-AD2AD9A8C6EA}.Release|x64.ActiveCfg = Release|x64
		{938BD886-3BF1-3A0F-B966-AD2AD9A8C6EA}.Release|x64.Build.0 = Release|x64
		{938BD886-3BF1-3A0F-B966-AD2AD9A8C6EA}.MinSizeRel|x64.ActiveCfg = MinSizeRel|x64
		{938BD886-3BF1-3A0F-B966-AD2AD9A8C6EA}.MinSizeRel|x64.Build.0 = MinSizeRel|x64
		{938BD886-3BF1-3A0F-B966-AD2AD9A8C6EA}.RelWithDebInfo|x64.ActiveCfg = RelWithDebInfo|x64
		{938BD886-3BF1-3A0F-B966-AD2AD9A8C6EA}.RelWithDebInfo|x64.Build.0 = RelWithDebInfo|x64
	EndGlobalSection
	GlobalSection(NestedProjects) = preSolution
		{FA61BBB1-895C-3EA3-8E46-C101F10A4318} = {DC7CB576-EB13-3622-906B-3FDB398EF9E9}
		{81A43708-608F-316C-AFDA-E0E2FA37872C} = {DC7CB576-EB13-3622-906B-3FDB398EF9E9}
		{418D9F7D-0C8E-3136-A9A6-410C06666AB4} = {DC7CB576-EB13-3622-906B-3FDB398EF9E9}
		{574292AA-507A-3178-A5EC-355D911ADC5D} = {C6EB5845-E7FC-36A4-B49C-7974119BED20}
		{15871778-2763-370C-B878-DF0FCE07E2D6} = {C6EB5845-E7FC-36A4-B49C-7974119BED20}
		{521F5110-9DFA-35DB-976A-AD3864D99567} = {C6EB5845-E7FC-36A4-B49C-7974119BED20}
		{6445F24F-A4FE-3FA2-BEC2-31CAF096077E} = {C6EB5845-E7FC-36A4-B49C-7974119BED20}
		{0A49FFEA-9691-3FBB-90EA-566A953DEB49} = {C6EB5845-E7FC-36A4-B49C-7974119BED20}
		{64EF5F96-73A3-3CA7-9D9E-BF8C763C375F} = {574292AA-507A-3178-A5EC-355D911ADC5D}
		{612DAF57-93FF-3CBE-A2A9-1013CCFEAD5D} = {574292AA-507A-3178-A5EC-355D911ADC5D}
		{92644AD3-8D37-3405-8E33-DBB44ED0CE4B} = {574292AA-507A-3178-A5EC-355D911ADC5D}
		{A9D554EF-081C-3B32-87E4-91DDE01458E7} = {574292AA-507A-3178-A5EC-355D911ADC5D}
		{26BC176C-B9F5-3FF8-9632-0917E5E35695} = {574292AA-507A-3178-A5EC-355D911ADC5D}
		{F7127460-C30E-3A28-86CC-A002F01B7B78} = {574292AA-507A-3178-A5EC-355D911ADC5D}
		{724B20F6-4479-399A-971C-623467C510FB} = {574292AA-507A-3178-A5EC-355D911ADC5D}
		{6FDD2AE8-F748-3E6D-9361-74DDB7E3F079} = {574292AA-507A-3178-A5EC-355D911ADC5D}
		{03DD9642-4F8F-3FCC-A85E-C55F589B2226} = {574292AA-507A-3178-A5EC-355D911ADC5D}
		{A88C5D8B-CEA0-3EE0-8706-ECCB14EBAA28} = {15871778-2763-370C-B878-DF0FCE07E2D6}
		{92921FC2-F105-3759-90E6-CAD8086484AA} = {15871778-2763-370C-B878-DF0FCE07E2D6}
		{DBB43736-49C1-30B3-BB88-4FAD7689378F} = {15871778-2763-370C-B878-DF0FCE07E2D6}
		{21943043-70DD-39C8-AB9E-F134F09224D9} = {15871778-2763-370C-B878-DF0FCE07E2D6}
		{F9351A0A-2DA1-3B6E-A189-EE936D66867D} = {15871778-2763-370C-B878-DF0FCE07E2D6}
		{58709320-3919-36C2-B963-17902FAA174D} = {15871778-2763-370C-B878-DF0FCE07E2D6}
		{73C4166C-22F7-3832-BD79-DE7608642C31} = {15871778-2763-370C-B878-DF0FCE07E2D6}
		{D7AD6A8E-A494-35A3-9256-7CA659300A5A} = {15871778-2763-370C-B878-DF0FCE07E2D6}
		{A5FDB36F-62C4-3A31-81B5-AFBC9607751C} = {15871778-2763-370C-B878-DF0FCE07E2D6}
		{4C3D2444-E2F9-3495-B6AE-2F8740B76810} = {15871778-2763-370C-B878-DF0FCE07E2D6}
		{DDCAB1C3-53BC-3E1C-8FE1-FBAEF52C595F} = {15871778-2763-370C-B878-DF0FCE07E2D6}
		{3B394DAE-0E1E-3DC5-9200-1918050CCA15} = {15871778-2763-370C-B878-DF0FCE07E2D6}
		{0860F8D2-95B3-30D1-A687-96D613BA9A20} = {15871778-2763-370C-B878-DF0FCE07E2D6}
		{2F46D1C3-5D83-3974-BC1B-81850B2EAD4D} = {15871778-2763-370C-B878-DF0FCE07E2D6}
		{8EA264DD-B814-30CF-92D2-385935AFA62A} = {15871778-2763-370C-B878-DF0FCE07E2D6}
		{1975052D-9DCE-3CA0-BAEE-CE83E429F2FA} = {15871778-2763-370C-B878-DF0FCE07E2D6}
		{818472FB-40FA-3066-9CC5-E157B3DD4DE6} = {15871778-2763-370C-B878-DF0FCE07E2D6}
		{50AD251B-C103-3EB9-BF5F-E89150E9544D} = {15871778-2763-370C-B878-DF0FCE07E2D6}
		{D0D12C45-1E8E-3E69-A656-008B2F44DFEC} = {15871778-2763-370C-B878-DF0FCE07E2D6}
		{938BD886-3BF1-3A0F-B966-AD2AD9A8C6EA} = {15871778-2763-370C-B878-DF0FCE07E2D6}
	EndGlobalSection
	GlobalSection(ExtensibilityGlobals) = postSolution
		SolutionGuid = {7039981B-B28C-391A-93F9-47A2A61A2780}
	EndGlobalSection
	GlobalSection(ExtensibilityAddIns) = postSolution
	EndGlobalSection
EndGlobal
